{
  "version": 4,
  "terraform_version": "1.3.7",
  "serial": 20,
  "lineage": "ffc18929-bf63-a1cc-8e11-165659bd0a21",
  "outputs": {},
  "resources": [
    {
      "mode": "managed",
      "type": "google_compute_network",
      "name": "vpc",
      "provider": "provider[\"registry.terraform.io/hashicorp/google\"]",
      "instances": [
        {
          "schema_version": 0,
          "attributes": {
            "auto_create_subnetworks": false,
            "delete_default_routes_on_create": false,
            "description": "",
            "enable_ula_internal_ipv6": false,
            "gateway_ipv4": "",
            "id": "projects/kb-chatbot-test/global/networks/vikvpc",
            "internal_ipv6_range": "",
            "mtu": 0,
            "name": "vikvpc",
            "project": "kb-chatbot-test",
            "routing_mode": "REGIONAL",
            "self_link": "https://www.googleapis.com/compute/v1/projects/kb-chatbot-test/global/networks/vikvpc",
            "timeouts": null
          },
          "sensitive_attributes": [],
          "private": "eyJlMmJmYjczMC1lY2FhLTExZTYtOGY4OC0zNDM2M2JjN2M0YzAiOnsiY3JlYXRlIjoxMjAwMDAwMDAwMDAwLCJkZWxldGUiOjEyMDAwMDAwMDAwMDAsInVwZGF0ZSI6MTIwMDAwMDAwMDAwMH19"
        }
      ]
    },
    {
      "mode": "managed",
      "type": "google_compute_subnetwork",
      "name": "subnet-europe-west4",
      "provider": "provider[\"registry.terraform.io/hashicorp/google\"]",
      "instances": [
        {
          "schema_version": 0,
          "attributes": {
            "creation_timestamp": "2023-02-15T05:23:14.267-08:00",
            "description": "",
            "external_ipv6_prefix": "",
            "fingerprint": null,
            "gateway_address": "10.0.0.1",
            "id": "projects/kb-chatbot-test/regions/europe-west4/subnetworks/subnet-europe-west4",
            "ip_cidr_range": "10.0.0.0/24",
            "ipv6_access_type": "",
            "ipv6_cidr_range": "",
            "log_config": [],
            "name": "subnet-europe-west4",
            "network": "https://www.googleapis.com/compute/v1/projects/kb-chatbot-test/global/networks/vikvpc",
            "private_ip_google_access": false,
            "private_ipv6_google_access": "DISABLE_GOOGLE_ACCESS",
            "project": "kb-chatbot-test",
            "purpose": "PRIVATE",
            "region": "europe-west4",
            "role": "",
            "secondary_ip_range": [],
            "self_link": "https://www.googleapis.com/compute/v1/projects/kb-chatbot-test/regions/europe-west4/subnetworks/subnet-europe-west4",
            "stack_type": "IPV4_ONLY",
            "timeouts": null
          },
          "sensitive_attributes": [],
          "private": "eyJlMmJmYjczMC1lY2FhLTExZTYtOGY4OC0zNDM2M2JjN2M0YzAiOnsiY3JlYXRlIjoxMjAwMDAwMDAwMDAwLCJkZWxldGUiOjEyMDAwMDAwMDAwMDAsInVwZGF0ZSI6MTIwMDAwMDAwMDAwMH19",
          "dependencies": [
            "google_compute_network.vpc"
          ]
        }
      ]
    },
    {
      "mode": "managed",
      "type": "google_container_cluster",
      "name": "vik-prod-cluster",
      "provider": "provider[\"registry.terraform.io/hashicorp/google\"]",
      "instances": [
        {
          "schema_version": 1,
          "attributes": {
            "addons_config": [
              {
                "cloudrun_config": [],
                "config_connector_config": [],
                "dns_cache_config": [],
                "gce_persistent_disk_csi_driver_config": [
                  {
                    "enabled": true
                  }
                ],
                "gcp_filestore_csi_driver_config": [],
                "gke_backup_agent_config": [],
                "horizontal_pod_autoscaling": [],
                "http_load_balancing": [],
                "network_policy_config": [
                  {
                    "disabled": true
                  }
                ]
              }
            ],
            "authenticator_groups_config": [],
            "binary_authorization": [
              {
                "enabled": false,
                "evaluation_mode": ""
              }
            ],
            "cluster_autoscaling": [
              {
                "auto_provisioning_defaults": [],
                "enabled": false,
                "resource_limits": []
              }
            ],
            "cluster_ipv4_cidr": "10.108.0.0/14",
            "confidential_nodes": [],
            "cost_management_config": [],
            "database_encryption": [
              {
                "key_name": "",
                "state": "DECRYPTED"
              }
            ],
            "datapath_provider": "",
            "default_max_pods_per_node": null,
            "default_snat_status": [
              {
                "disabled": false
              }
            ],
            "description": "",
            "dns_config": [],
            "enable_autopilot": false,
            "enable_binary_authorization": false,
            "enable_intranode_visibility": false,
            "enable_kubernetes_alpha": false,
            "enable_l4_ilb_subsetting": false,
            "enable_legacy_abac": false,
            "enable_shielded_nodes": true,
            "enable_tpu": false,
            "endpoint": "34.91.153.31",
            "gateway_api_config": [],
            "id": "projects/kb-chatbot-test/locations/europe-west4-a/clusters/vik-prod-cluster",
            "initial_node_count": 1,
            "ip_allocation_policy": [],
            "label_fingerprint": "a9dc16a7",
            "location": "europe-west4-a",
            "logging_config": [
              {
                "enable_components": [
                  "SYSTEM_COMPONENTS",
                  "WORKLOADS"
                ]
              }
            ],
            "logging_service": "logging.googleapis.com/kubernetes",
            "maintenance_policy": [],
            "master_auth": [
              {
                "client_certificate": "",
                "client_certificate_config": [
                  {
                    "issue_client_certificate": false
                  }
                ],
                "client_key": "",
                "cluster_ca_certificate": "LS0tLS1CRUdJTiBDRVJUSUZJQ0FURS0tLS0tCk1JSUVLekNDQXBPZ0F3SUJBZ0lQUlA5dmhQc1BIcjAxc2ZFTFBEZEJNQTBHQ1NxR1NJYjNEUUVCQ3dVQU1DOHgKTFRBckJnTlZCQU1USkRjelpqQmhNbUl5TFRRM09UVXROREJrWVMxaE1USTBMV1kyT1RVeE9XSmlZbU0yTURBZwpGdzB5TXpBeU1UVXhNakl6TWpsYUdBOHlNRFV6TURJd056RXpNak15T1Zvd0x6RXRNQ3NHQTFVRUF4TWtOek5tCk1HRXlZakl0TkRjNU5TMDBNR1JoTFdFeE1qUXRaalk1TlRFNVltSmlZell3TUlJQm9qQU5CZ2txaGtpRzl3MEIKQVFFRkFBT0NBWThBTUlJQmlnS0NBWUVBcHdSSUJtN2hxUFZSNjludXNqY3JKTkN0ZEtZM1pWVVcvVTlsOEx4NAppZVkzQlQ0ejBsWmFGYnVIakdJL0RHSHJIZDJXZUdxNVdUM0d2VHBMRHErME45amxYeWxmZGVoQk1icjBlVE9vClppekxsQ1QwWms1RUQ4dzR6NlRRSmMzSDBtMUVOWStNRjlVeHByLy9iMUY2bldaWmUzWktUa1djbjE3RXpNVDcKL0ZBeEx5STJnUFNHb2xBcnVGeXNtUDN6WW5BWStRbDVzZjA3VllBUDFpb2VFTlhneGROOGFheFI2ZTN5M1lYSgplNTlLOWt0N2Zib013ZXBsaHY1RDA5UFEyUXdnOGxEdm9FT2lyLy9TK0NsMW1XMnl4WTRvcXdwSHVCWUhFSUwxCmF4bW52dDJOSm12cTAxK0RVcHJRNnFrWGdlMDkzVjZXOTczWEZpS0Y3YU9pSnIwcSs0RnB1bTloMStrVVl5OXcKM2J3eGE0bDgzZ0R1MFFkTHJCNUNOakl4YTVMNUxFT0NmbFZsNUpRZDMxN0FDZ0NYM1FqVnJrWG9vWGZVbGN1MwpWdkRIc2padWtpSVBvWFYxOUlYeTM2N0U0VGRwZStpQ0hiand0L0JBMkxNMGxtbWxxUmpkcGY3WGRFZktiRkZxCmNXQW1ySS9SSHh5emtOb2xzYXV6OGxGUEFnTUJBQUdqUWpCQU1BNEdBMVVkRHdFQi93UUVBd0lDQkRBUEJnTlYKSFJNQkFmOEVCVEFEQVFIL01CMEdBMVVkRGdRV0JCVGxHVjhGT0JaUVlzL2Z6dTMveUZTWTFubEFUakFOQmdrcQpoa2lHOXcwQkFRc0ZBQU9DQVlFQWk0MTB5TGp5VDQ0MkVCNVRVUFNjaFZja2VRRU1jYTBOYmtlZWJvQ25nWjIwCjVpY2NjTmhTZUVzQ0hjbHd0d2IvaVV6dlhPemhxVC9sWng0cnVHN2dSZUZ1YnpFcU5BQ294Z0VwVnR2ODVsdUYKTis2Qmp2T2pxd2hMajNralY3c1lId1o0U3l1cVNJZSsyY3RyMzNub2ZKaGoreWZ6c0hjNjZnRFRmYVJNNzc1UwpRTW1NNTBDdTlkUGx3ZXBhemZpVWJvbDBNMHlsYkw2S21FN3E4SEVuazNmVm0ydjJqemM3azk0VjVJeHArSzRiCm95K1RkQXdLQ2FvMzVxUVozcThjZ25GV1BMVis1MklBNXIrRmt1UjdJYm1sWGtVV0cvUnV2MzBNMytuOXFxU2EKWnByQ2pjbmdkbnNLMUF5Q0Jpc0h4ZnkrYkdOTEpwMkk0NUpQN2NHbzN0SG5Cdzg4dWwzMVFrK0xqVzNiVXBCYwo5a2RyTW0rR0FDU2tucU9xdnczbm93Ymg0bVN2TU1NQ25GTm0vUHlDQnN6SUd0WTBER3VkUHB3dDNTWG1qcDBOClNDQVB0TWxWVzhiUEdROFRzL3ZOL1RyLysrWmhJTXBKS0RicmRITHBKUEpRWUkxNDV5cW54UVBrNnZ1M0hlc0wKWko2OHlFK3dJNlVXMDNoY010T2EKLS0tLS1FTkQgQ0VSVElGSUNBVEUtLS0tLQo="
              }
            ],
            "master_authorized_networks_config": [],
            "master_version": "1.24.8-gke.2000",
            "mesh_certificates": [],
            "min_master_version": null,
            "monitoring_config": [
              {
                "enable_components": [
                  "SYSTEM_COMPONENTS"
                ],
                "managed_prometheus": []
              }
            ],
            "monitoring_service": "monitoring.googleapis.com/kubernetes",
            "name": "vik-prod-cluster",
            "network": "projects/kb-chatbot-test/global/networks/vikvpc",
            "network_policy": [
              {
                "enabled": false,
                "provider": "PROVIDER_UNSPECIFIED"
              }
            ],
            "networking_mode": "ROUTES",
            "node_config": [],
            "node_locations": [],
            "node_pool": [],
            "node_pool_defaults": [
              {
                "node_config_defaults": [
                  {
                    "logging_variant": "DEFAULT"
                  }
                ]
              }
            ],
            "node_version": "1.24.8-gke.2000",
            "notification_config": [
              {
                "pubsub": [
                  {
                    "enabled": false,
                    "filter": [],
                    "topic": ""
                  }
                ]
              }
            ],
            "operation": null,
            "private_cluster_config": [
              {
                "enable_private_endpoint": false,
                "enable_private_nodes": false,
                "master_global_access_config": [
                  {
                    "enabled": false
                  }
                ],
                "master_ipv4_cidr_block": "",
                "peering_name": "",
                "private_endpoint": "10.0.0.2",
                "private_endpoint_subnetwork": "",
                "public_endpoint": "34.91.153.31"
              }
            ],
            "private_ipv6_google_access": "",
            "project": "kb-chatbot-test",
            "release_channel": [
              {
                "channel": "REGULAR"
              }
            ],
            "remove_default_node_pool": true,
            "resource_labels": null,
            "resource_usage_export_config": [],
            "self_link": "https://container.googleapis.com/v1/projects/kb-chatbot-test/zones/europe-west4-a/clusters/vik-prod-cluster",
            "service_external_ips_config": [
              {
                "enabled": false
              }
            ],
            "services_ipv4_cidr": "10.111.240.0/20",
            "subnetwork": "projects/kb-chatbot-test/regions/europe-west4/subnetworks/subnet-europe-west4",
            "timeouts": null,
            "tpu_ipv4_cidr_block": "",
            "vertical_pod_autoscaling": [],
            "workload_identity_config": []
          },
          "sensitive_attributes": [],
          "private": "eyJlMmJmYjczMC1lY2FhLTExZTYtOGY4OC0zNDM2M2JjN2M0YzAiOnsiY3JlYXRlIjoyNDAwMDAwMDAwMDAwLCJkZWxldGUiOjI0MDAwMDAwMDAwMDAsInJlYWQiOjI0MDAwMDAwMDAwMDAsInVwZGF0ZSI6MzYwMDAwMDAwMDAwMH0sInNjaGVtYV92ZXJzaW9uIjoiMSJ9",
          "dependencies": [
            "google_compute_network.vpc",
            "google_compute_subnetwork.subnet-europe-west4"
          ]
        }
      ]
    },
    {
      "mode": "managed",
      "type": "google_container_node_pool",
      "name": "prod-node-pool",
      "provider": "provider[\"registry.terraform.io/hashicorp/google\"]",
      "instances": [
        {
          "schema_version": 1,
          "attributes": {
            "autoscaling": [],
            "cluster": "vik-prod-cluster",
            "id": "projects/kb-chatbot-test/locations/europe-west4-a/clusters/vik-prod-cluster/nodePools/prod-node-pool",
            "initial_node_count": 1,
            "instance_group_urls": [
              "https://www.googleapis.com/compute/v1/projects/kb-chatbot-test/zones/europe-west4-a/instanceGroupManagers/gke-vik-prod-cluster-prod-node-pool-4984de57-grp"
            ],
            "location": "europe-west4-a",
            "managed_instance_group_urls": [
              "https://www.googleapis.com/compute/v1/projects/kb-chatbot-test/zones/europe-west4-a/instanceGroups/gke-vik-prod-cluster-prod-node-pool-4984de57-grp"
            ],
            "management": [
              {
                "auto_repair": true,
                "auto_upgrade": true
              }
            ],
            "max_pods_per_node": null,
            "name": "prod-node-pool",
            "name_prefix": "",
            "network_config": [
              {
                "create_pod_range": false,
                "enable_private_nodes": false,
                "pod_ipv4_cidr_block": "",
                "pod_range": ""
              }
            ],
            "node_config": [
              {
                "boot_disk_kms_key": "",
                "disk_size_gb": 100,
                "disk_type": "pd-balanced",
                "gcfs_config": [],
                "guest_accelerator": [],
                "gvnic": [],
                "image_type": "COS_CONTAINERD",
                "kubelet_config": [],
                "labels": {},
                "linux_node_config": [],
                "local_ssd_count": 0,
                "logging_variant": "DEFAULT",
                "machine_type": "n1-standard-1",
                "metadata": {
                  "disable-legacy-endpoints": "true"
                },
                "min_cpu_platform": "",
                "node_group": "",
                "oauth_scopes": [
                  "https://www.googleapis.com/auth/devstorage.read_only",
                  "https://www.googleapis.com/auth/logging.write",
                  "https://www.googleapis.com/auth/monitoring",
                  "https://www.googleapis.com/auth/service.management.readonly",
                  "https://www.googleapis.com/auth/servicecontrol",
                  "https://www.googleapis.com/auth/trace.append"
                ],
                "preemptible": true,
                "reservation_affinity": [],
                "resource_labels": null,
                "service_account": "default",
                "shielded_instance_config": [
                  {
                    "enable_integrity_monitoring": true,
                    "enable_secure_boot": false
                  }
                ],
                "spot": false,
                "tags": null,
                "taint": [],
                "workload_metadata_config": []
              }
            ],
            "node_count": 1,
            "node_locations": [
              "europe-west4-a"
            ],
            "operation": null,
            "placement_policy": [],
            "project": "kb-chatbot-test",
            "timeouts": null,
            "upgrade_settings": [
              {
                "blue_green_settings": [],
                "max_surge": 1,
                "max_unavailable": 0,
                "strategy": "SURGE"
              }
            ],
            "version": "1.24.8-gke.2000"
          },
          "sensitive_attributes": [],
          "private": "eyJlMmJmYjczMC1lY2FhLTExZTYtOGY4OC0zNDM2M2JjN2M0YzAiOnsiY3JlYXRlIjoxODAwMDAwMDAwMDAwLCJkZWxldGUiOjE4MDAwMDAwMDAwMDAsInVwZGF0ZSI6MTgwMDAwMDAwMDAwMH0sInNjaGVtYV92ZXJzaW9uIjoiMSJ9",
          "dependencies": [
            "google_compute_network.vpc",
            "google_compute_subnetwork.subnet-europe-west4",
            "google_container_cluster.vik-prod-cluster"
          ]
        }
      ]
    }
  ],
  "check_results": null
}
